// !$*UTF8*$!
{
	archiveVersion = 1;
	classes = {
	};
	objectVersion = 50;
	objects = {

/* Begin PBXBuildFile section */
		630BCEC7F5BB0D2233FF1538 /* Pods_flix_app.framework in Frameworks */ = {isa = PBXBuildFile; fileRef = 7ED8B437C2224CF6319D4479 /* Pods_flix_app.framework */; };
		C26929A7235C738600AEB463 /* MovieCell.swift in Sources */ = {isa = PBXBuildFile; fileRef = C26929A6235C738600AEB463 /* MovieCell.swift */; };
		C286E555235C2DB8000B500E /* AppDelegate.swift in Sources */ = {isa = PBXBuildFile; fileRef = C286E554235C2DB8000B500E /* AppDelegate.swift */; };
		C286E557235C2DB8000B500E /* SceneDelegate.swift in Sources */ = {isa = PBXBuildFile; fileRef = C286E556235C2DB8000B500E /* SceneDelegate.swift */; };
		C286E55C235C2DB8000B500E /* Main.storyboard in Resources */ = {isa = PBXBuildFile; fileRef = C286E55A235C2DB8000B500E /* Main.storyboard */; };
		C286E55E235C2DC0000B500E /* Assets.xcassets in Resources */ = {isa = PBXBuildFile; fileRef = C286E55D235C2DC0000B500E /* Assets.xcassets */; };
		C286E561235C2DC0000B500E /* LaunchScreen.storyboard in Resources */ = {isa = PBXBuildFile; fileRef = C286E55F235C2DC0000B500E /* LaunchScreen.storyboard */; };
		C286E569235C2E20000B500E /* MoviesViewController.swift in Sources */ = {isa = PBXBuildFile; fileRef = C286E568235C2E20000B500E /* MoviesViewController.swift */; };
/* End PBXBuildFile section */

/* Begin PBXFileReference section */
		76CCB8B6E5A575F572732120 /* Pods-flix_app.debug.xcconfig */ = {isa = PBXFileReference; includeInIndex = 1; lastKnownFileType = text.xcconfig; name = "Pods-flix_app.debug.xcconfig"; path = "Target Support Files/Pods-flix_app/Pods-flix_app.debug.xcconfig"; sourceTree = "<group>"; };
		7ED8B437C2224CF6319D4479 /* Pods_flix_app.framework */ = {isa = PBXFileReference; explicitFileType = wrapper.framework; includeInIndex = 0; path = Pods_flix_app.framework; sourceTree = BUILT_PRODUCTS_DIR; };
		C26929A6235C738600AEB463 /* MovieCell.swift */ = {isa = PBXFileReference; lastKnownFileType = sourcecode.swift; path = MovieCell.swift; sourceTree = "<group>"; };
		C286E551235C2DB8000B500E /* flix_app.app */ = {isa = PBXFileReference; explicitFileType = wrapper.application; includeInIndex = 0; path = flix_app.app; sourceTree = BUILT_PRODUCTS_DIR; };
		C286E554235C2DB8000B500E /* AppDelegate.swift */ = {isa = PBXFileReference; lastKnownFileType = sourcecode.swift; path = AppDelegate.swift; sourceTree = "<group>"; };
		C286E556235C2DB8000B500E /* SceneDelegate.swift */ = {isa = PBXFileReference; lastKnownFileType = sourcecode.swift; path = SceneDelegate.swift; sourceTree = "<group>"; };
		C286E55B235C2DB8000B500E /* Base */ = {isa = PBXFileReference; lastKnownFileType = file.storyboard; name = Base; path = Base.lproj/Main.storyboard; sourceTree = "<group>"; };
		C286E55D235C2DC0000B500E /* Assets.xcassets */ = {isa = PBXFileReference; lastKnownFileType = folder.assetcatalog; path = Assets.xcassets; sourceTree = "<group>"; };
		C286E560235C2DC0000B500E /* Base */ = {isa = PBXFileReference; lastKnownFileType = file.storyboard; name = Base; path = Base.lproj/LaunchScreen.storyboard; sourceTree = "<group>"; };
		C286E562235C2DC0000B500E /* Info.plist */ = {isa = PBXFileReference; lastKnownFileType = text.plist.xml; path = Info.plist; sourceTree = "<group>"; };
		C286E568235C2E20000B500E /* MoviesViewController.swift */ = {isa = PBXFileReference; lastKnownFileType = sourcecode.swift; path = MoviesViewController.swift; sourceTree = "<group>"; };
		E03A87516DDF2717387394D1 /* Pods-flix_app.release.xcconfig */ = {isa = PBXFileReference; includeInIndex = 1; lastKnownFileType = text.xcconfig; name = "Pods-flix_app.release.xcconfig"; path = "Target Support Files/Pods-flix_app/Pods-flix_app.release.xcconfig"; sourceTree = "<group>"; };
/* End PBXFileReference section */

/* Begin PBXFrameworksBuildPhase section */
		C286E54E235C2DB8000B500E /* Frameworks */ = {
			isa = PBXFrameworksBuildPhase;
			buildActionMask = 2147483647;
			files = (
				630BCEC7F5BB0D2233FF1538 /* Pods_flix_app.framework in Frameworks */,
			);
			runOnlyForDeploymentPostprocessing = 0;
		};
/* End PBXFrameworksBuildPhase section */

/* Begin PBXGroup section */
		0BFF524ABEFA0D947F4FB677 /* Pods */ = {
			isa = PBXGroup;
			children = (
				76CCB8B6E5A575F572732120 /* Pods-flix_app.debug.xcconfig */,
				E03A87516DDF2717387394D1 /* Pods-flix_app.release.xcconfig */,
			);
			name = Pods;
			path = Pods;
			sourceTree = "<group>";
		};
		C286E548235C2DB8000B500E = {
			isa = PBXGroup;
			children = (
				C286E553235C2DB8000B500E /* flix_app */,
				C286E552235C2DB8000B500E /* Products */,
				0BFF524ABEFA0D947F4FB677 /* Pods */,
				EC50BFD159F4DF5B516A87CC /* Frameworks */,
			);
			sourceTree = "<group>";
		};
		C286E552235C2DB8000B500E /* Products */ = {
			isa = PBXGroup;
			children = (
				C286E551235C2DB8000B500E /* flix_app.app */,
			);
			name = Products;
			sourceTree = "<group>";
		};
		C286E553235C2DB8000B500E /* flix_app */ = {
			isa = PBXGroup;
			children = (
				C286E554235C2DB8000B500E /* AppDelegate.swift */,
				C286E556235C2DB8000B500E /* SceneDelegate.swift */,
				C286E55A235C2DB8000B500E /* Main.storyboard */,
				C286E55D235C2DC0000B500E /* Assets.xcassets */,
				C286E55F235C2DC0000B500E /* LaunchScreen.storyboard */,
				C286E562235C2DC0000B500E /* Info.plist */,
				C286E568235C2E20000B500E /* MoviesViewController.swift */,
				C26929A6235C738600AEB463 /* MovieCell.swift */,
			);
			path = flix_app;
			sourceTree = "<group>";
		};
		EC50BFD159F4DF5B516A87CC /* Frameworks */ = {
			isa = PBXGroup;
			children = (
				7ED8B437C2224CF6319D4479 /* Pods_flix_app.framework */,
			);
			name = Frameworks;
			sourceTree = "<group>";
		};
/* End PBXGroup section */

/* Begin PBXNativeTarget section */
		C286E550235C2DB8000B500E /* flix_app */ = {
			isa = PBXNativeTarget;
			buildConfigurationList = C286E565235C2DC0000B500E /* Build configuration list for PBXNativeTarget "flix_app" */;
			buildPhases = (
				AF944D4CFD94D4DE17770A57 /* [CP] Check Pods Manifest.lock */,
				C286E54D235C2DB8000B500E /* Sources */,
				C286E54E235C2DB8000B500E /* Frameworks */,
				C286E54F235C2DB8000B500E /* Resources */,
				AF0D32CAD2FFC01A4F00BFE7 /* [CP] Embed Pods Frameworks */,
			);
			buildRules = (
			);
			dependencies = (
			);
			name = flix_app;
			productName = flix_app;
			productReference = C286E551235C2DB8000B500E /* flix_app.app */;
			productType = "com.apple.product-type.application";
		};
/* End PBXNativeTarget section */

/* Begin PBXProject section */
		C286E549235C2DB8000B500E /* Project object */ = {
			isa = PBXProject;
			attributes = {
				LastSwiftUpdateCheck = 1110;
				LastUpgradeCheck = 1110;
				ORGANIZATIONNAME = "Chia E";
				TargetAttributes = {
					C286E550235C2DB8000B500E = {
						CreatedOnToolsVersion = 11.1;
					};
				};
			};
			buildConfigurationList = C286E54C235C2DB8000B500E /* Build configuration list for PBXProject "flix_app" */;
			compatibilityVersion = "Xcode 9.3";
			developmentRegion = en;
			hasScannedForEncodings = 0;
			knownRegions = (
				en,
				Base,
			);
			mainGroup = C286E548235C2DB8000B500E;
			productRefGroup = C286E552235C2DB8000B500E /* Products */;
			projectDirPath = "";
			projectRoot = "";
			targets = (
				C286E550235C2DB8000B500E /* flix_app */,
			);
		};
/* End PBXProject section */

/* Begin PBXResourcesBuildPhase section */
		C286E54F235C2DB8000B500E /* Resources */ = {
			isa = PBXResourcesBuildPhase;
			buildActionMask = 2147483647;
			files = (
				C286E561235C2DC0000B500E /* LaunchScreen.storyboard in Resources */,
				C286E55E235C2DC0000B500E /* Assets.xcassets in Resources */,
				C286E55C235C2DB8000B500E /* Main.storyboard in Resources */,
			);
			runOnlyForDeploymentPostprocessing = 0;
		};
/* End PBXResourcesBuildPhase section */

/* Begin PBXShellScriptBuildPhase section */
		AF0D32CAD2FFC01A4F00BFE7 /* [CP] Embed Pods Frameworks */ = {
			isa = PBXShellScriptBuildPhase;
			buildActionMask = 2147483647;
			files = (
			);
			inputFileListPaths = (
				"${PODS_ROOT}/Target Support Files/Pods-flix_app/Pods-flix_app-frameworks-${CONFIGURATION}-input-files.xcfilelist",
			);
			name = "[CP] Embed Pods Frameworks";
			outputFileListPaths = (
				"${PODS_ROOT}/Target Support Files/Pods-flix_app/Pods-flix_app-frameworks-${CONFIGURATION}-output-files.xcfilelist",
			);
			runOnlyForDeploymentPostprocessing = 0;
			shellPath = /bin/sh;
			shellScript = "\"${PODS_ROOT}/Target Support Files/Pods-flix_app/Pods-flix_app-frameworks.sh\"\n";
			showEnvVarsInLog = 0;
		};
		AF944D4CFD94D4DE17770A57 /* [CP] Check Pods Manifest.lock */ = {
			isa = PBXShellScriptBuildPhase;
			buildActionMask = 2147483647;
			files = (
			);
			inputFileListPaths = (
			);
			inputPaths = (
				"${PODS_PODFILE_DIR_PATH}/Podfile.lock",
				"${PODS_ROOT}/Manifest.lock",
			);
			name = "[CP] Check Pods Manifest.lock";
			outputFileListPaths = (
			);
			outputPaths = (
				"$(DERIVED_FILE_DIR)/Pods-flix_app-checkManifestLockResult.txt",
			);
			runOnlyForDeploymentPostprocessing = 0;
			shellPath = /bin/sh;
			shellScript = "diff \"${PODS_PODFILE_DIR_PATH}/Podfile.lock\" \"${PODS_ROOT}/Manifest.lock\" > /dev/null\nif [ $? != 0 ] ; then\n    # print error to STDERR\n    echo \"error: The sandbox is not in sync with the Podfile.lock. Run 'pod install' or update your CocoaPods installation.\" >&2\n    exit 1\nfi\n# This output is used by Xcode 'outputs' to avoid re-running this script phase.\necho \"SUCCESS\" > \"${SCRIPT_OUTPUT_FILE_0}\"\n";
			showEnvVarsInLog = 0;
		};
/* End PBXShellScriptBuildPhase section */

/* Begin PBXSourcesBuildPhase section */
		C286E54D235C2DB8000B500E /* Sources */ = {
			isa = PBXSourcesBuildPhase;
			buildActionMask = 2147483647;
			files = (
				C286E555235C2DB8000B500E /* AppDelegate.swift in Sources */,
				C286E557235C2DB8000B500E /* SceneDelegate.swift in Sources */,
				C26929A7235C738600AEB463 /* MovieCell.swift in Sources */,
				C286E569235C2E20000B500E /* MoviesViewController.swift in Sources */,
			);
			runOnlyForDeploymentPostprocessing = 0;
		};
/* End PBXSourcesBuildPhase section */

/* Begin PBXVariantGroup section */
		C286E55A235C2DB8000B500E /* Main.storyboard */ = {
			isa = PBXVariantGroup;
			children = (
				C286E55B235C2DB8000B500E /* Base */,
			);
			name = Main.storyboard;
			sourceTree = "<group>";
		};
		C286E55F235C2DC0000B500E /* LaunchScreen.storyboard */ = {
			isa = PBXVariantGroup;
			children = (
				C286E560235C2DC0000B500E /* Base */,
			);
			name = LaunchScreen.storyboard;
			sourceTree = "<group>";
		};
/* End PBXVariantGroup section */

/* Begin XCBuildConfiguration section */
		C286E563235C2DC0000B500E /* Debug */ = {
			isa = XCBuildConfiguration;
			buildSettings = {
				ALWAYS_SEARCH_USER_PATHS = NO;
				CLANG_ANALYZER_NONNULL = YES;
				CLANG_ANALYZER_NUMBER_OBJECT_CONVERSION = YES_AGGRESSIVE;
				CLANG_CXX_LANGUAGE_STANDARD = "gnu++14";
				CLANG_CXX_LIBRARY = "libc++";
				CLANG_ENABLE_MODULES = YES;
				CLANG_ENABLE_OBJC_ARC = YES;
				CLANG_ENABLE_OBJC_WEAK = YES;
				CLANG_WARN_BLOCK_CAPTURE_AUTORELEASING = YES;
				CLANG_WARN_BOOL_CONVERSION = YES;
				CLANG_WARN_COMMA = YES;
				CLANG_WARN_CONSTANT_CONVERSION = YES;
				CLANG_WARN_DEPRECATED_OBJC_IMPLEMENTATIONS = YES;
				CLANG_WARN_DIRECT_OBJC_ISA_USAGE = YES_ERROR;
				CLANG_WARN_DOCUMENTATION_COMMENTS = YES;
				CLANG_WARN_EMPTY_BODY = YES;
				CLANG_WARN_ENUM_CONVERSION = YES;
				CLANG_WARN_INFINITE_RECURSION = YES;
				CLANG_WARN_INT_CONVERSION = YES;
				CLANG_WARN_NON_LITERAL_NULL_CONVERSION = YES;
				CLANG_WARN_OBJC_IMPLICIT_RETAIN_SELF = YES;
				CLANG_WARN_OBJC_LITERAL_CONVERSION = YES;
				CLANG_WARN_OBJC_ROOT_CLASS = YES_ERROR;
				CLANG_WARN_RANGE_LOOP_ANALYSIS = YES;
				CLANG_WARN_STRICT_PROTOTYPES = YES;
				CLANG_WARN_SUSPICIOUS_MOVE = YES;
				CLANG_WARN_UNGUARDED_AVAILABILITY = YES_AGGRESSIVE;
				CLANG_WARN_UNREACHABLE_CODE = YES;
				CLANG_WARN__DUPLICATE_METHOD_MATCH = YES;
				COPY_PHASE_STRIP = NO;
				DEBUG_INFORMATION_FORMAT = dwarf;
				ENABLE_STRICT_OBJC_MSGSEND = YES;
				ENABLE_TESTABILITY = YES;
				GCC_C_LANGUAGE_STANDARD = gnu11;
				GCC_DYNAMIC_NO_PIC = NO;
				GCC_NO_COMMON_BLOCKS = YES;
				GCC_OPTIMIZATION_LEVEL = 0;
				GCC_PREPROCESSOR_DEFINITIONS = (
					"DEBUG=1",
					"$(inherited)",
				);
				GCC_WARN_64_TO_32_BIT_CONVERSION = YES;
				GCC_WARN_ABOUT_RETURN_TYPE = YES_ERROR;
				GCC_WARN_UNDECLARED_SELECTOR = YES;
				GCC_WARN_UNINITIALIZED_AUTOS = YES_AGGRESSIVE;
				GCC_WARN_UNUSED_FUNCTION = YES;
				GCC_WARN_UNUSED_VARIABLE = YES;
				IPHONEOS_DEPLOYMENT_TARGET = 13.1;
				MTL_ENABLE_DEBUG_INFO = INCLUDE_SOURCE;
				MTL_FAST_MATH = YES;
				ONLY_ACTIVE_ARCH = YES;
				SDKROOT = iphoneos;
				SWIFT_ACTIVE_COMPILATION_CONDITIONS = DEBUG;
				SWIFT_OPTIMIZATION_LEVEL = "-Onone";
			};
			name = Debug;
		};
		C286E564235C2DC0000B500E /* Release */ = {
			isa = XCBuildConfiguration;
			buildSettings = {
				ALWAYS_SEARCH_USER_PATHS = NO;
				CLANG_ANALYZER_NONNULL = YES;
				CLANG_ANALYZER_NUMBER_OBJECT_CONVERSION = YES_AGGRESSIVE;
				CLANG_CXX_LANGUAGE_STANDARD = "gnu++14";
				CLANG_CXX_LIBRARY = "libc++";
				CLANG_ENABLE_MODULES = YES;
				CLANG_ENABLE_OBJC_ARC = YES;
				CLANG_ENABLE_OBJC_WEAK = YES;
				CLANG_WARN_BLOCK_CAPTURE_AUTORELEASING = YES;
				CLANG_WARN_BOOL_CONVERSION = YES;
				CLANG_WARN_COMMA = YES;
				CLANG_WARN_CONSTANT_CONVERSION = YES;
				CLANG_WARN_DEPRECATED_OBJC_IMPLEMENTATIONS = YES;
				CLANG_WARN_DIRECT_OBJC_ISA_USAGE = YES_ERROR;
				CLANG_WARN_DOCUMENTATION_COMMENTS = YES;
				CLANG_WARN_EMPTY_BODY = YES;
				CLANG_WARN_ENUM_CONVERSION = YES;
				CLANG_WARN_INFINITE_RECURSION = YES;
				CLANG_WARN_INT_CONVERSION = YES;
				CLANG_WARN_NON_LITERAL_NULL_CONVERSION = YES;
				CLANG_WARN_OBJC_IMPLICIT_RETAIN_SELF = YES;
				CLANG_WARN_OBJC_LITERAL_CONVERSION = YES;
				CLANG_WARN_OBJC_ROOT_CLASS = YES_ERROR;
				CLANG_WARN_RANGE_LOOP_ANALYSIS = YES;
				CLANG_WARN_STRICT_PROTOTYPES = YES;
				CLANG_WARN_SUSPICIOUS_MOVE = YES;
				CLANG_WARN_UNGUARDED_AVAILABILITY = YES_AGGRESSIVE;
				CLANG_WARN_UNREACHABLE_CODE = YES;
				CLANG_WARN__DUPLICATE_METHOD_MATCH = YES;
				COPY_PHASE_STRIP = NO;
				DEBUG_INFORMATION_FORMAT = "dwarf-with-dsym";
				ENABLE_NS_ASSERTIONS = NO;
				ENABLE_STRICT_OBJC_MSGSEND = YES;
				GCC_C_LANGUAGE_STANDARD = gnu11;
				GCC_NO_COMMON_BLOCKS = YES;
				GCC_WARN_64_TO_32_BIT_CONVERSION = YES;
				GCC_WARN_ABOUT_RETURN_TYPE = YES_ERROR;
				GCC_WARN_UNDECLARED_SELECTOR = YES;
				GCC_WARN_UNINITIALIZED_AUTOS = YES_AGGRESSIVE;
				GCC_WARN_UNUSED_FUNCTION = YES;
				GCC_WARN_UNUSED_VARIABLE = YES;
				IPHONEOS_DEPLOYMENT_TARGET = 13.1;
				MTL_ENABLE_DEBUG_INFO = NO;
				MTL_FAST_MATH = YES;
				SDKROOT = iphoneos;
				SWIFT_COMPILATION_MODE = wholemodule;
				SWIFT_OPTIMIZATION_LEVEL = "-O";
				VALIDATE_PRODUCT = YES;
			};
			name = Release;
		};
		C286E566235C2DC0000B500E /* Debug */ = {
			isa = XCBuildConfiguration;
			baseConfigurationReference = 76CCB8B6E5A575F572732120 /* Pods-flix_app.debug.xcconfig */;
			buildSettings = {
				ASSETCATALOG_COMPILER_APPICON_NAME = AppIcon;
				CODE_SIGN_STYLE = Automatic;
				DEVELOPMENT_TEAM = RW9KYYCNRC;
				INFOPLIST_FILE = flix_app/Info.plist;
				LD_RUNPATH_SEARCH_PATHS = (
					"$(inherited)",
					"@executable_path/Frameworks",
				);
				PRODUCT_BUNDLE_IDENTIFIER = "com.analuciaech.flix-app";
				PRODUCT_NAME = "$(TARGET_NAME)";
				SWIFT_VERSION = 5.0;
				TARGETED_DEVICE_FAMILY = "1,2";
			};
			name = Debug;
		};
		C286E567235C2DC0000B500E /* Release */ = {
			isa = XCBuildConfiguration;
			baseConfigurationReference = E03A87516DDF2717387394D1 /* Pods-flix_app.release.xcconfig */;
			buildSettings = {
				ASSETCATALOG_COMPILER_APPICON_NAME = AppIcon;
				CODE_SIGN_STYLE = Automatic;
				DEVELOPMENT_TEAM = RW9KYYCNRC;
				INFOPLIST_FILE = flix_app/Info.plist;
				LD_RUNPATH_SEARCH_PATHS = (
					"$(inherited)",
					"@executable_path/Frameworks",
				);
				PRODUCT_BUNDLE_IDENTIFIER = "com.analuciaech.flix-app";
				PRODUCT_NAME = "$(TARGET_NAME)";
				SWIFT_VERSION = 5.0;
				TARGETED_DEVICE_FAMILY = "1,2";
			};
			name = Release;
		};
/* End XCBuildConfiguration section */

/* Begin XCConfigurationList section */
		C286E54C235C2DB8000B500E /* Build configuration list for PBXProject "flix_app" */ = {
			isa = XCConfigurationList;
			buildConfigurations = (
				C286E563235C2DC0000B500E /* Debug */,
				C286E564235C2DC0000B500E /* Release */,
			);
			defaultConfigurationIsVisible = 0;
			defaultConfigurationName = Release;
		};
		C286E565235C2DC0000B500E /* Build configuration list for PBXNativeTarget "flix_app" */ = {
			isa = XCConfigurationList;
			buildConfigurations = (
				C286E566235C2DC0000B500E /* Debug */,
				C286E567235C2DC0000B500E /* Release */,
			);
			defaultConfigurationIsVisible = 0;
			defaultConfigurationName = Release;
		};
/* End XCConfigurationList section */
	};
	rootObject = C286E549235C2DB8000B500E /* Project object */;
}
